
Microsoft Visual Studio Solution File, Format Version 12.00
# Visual Studio Version 17
VisualStudioVersion = 17.7.34024.191
MinimumVisualStudioVersion = 10.0.40219.1
Project("{FAE04EC0-301F-11D3-BF4B-00C04F79EFBC}") = "Wba.ChuckNorrisFacts.Web", "Wba.ChuckNorrisFacts.Web\Wba.ChuckNorrisFacts.Web.csproj", "{B453DBD6-1E1F-44D7-93B6-CD0619D3608E}"
EndProject
Global
	GlobalSection(SolutionConfigurationPlatforms) = preSolution
		Debug|Any CPU = Debug|Any CPU
		Release|Any CPU = Release|Any CPU
	EndGlobalSection
	GlobalSection(ProjectConfigurationPlatforms) = postSolution
		{B453DBD6-1E1F-44D7-93B6-CD0619D3608E}.Debug|Any CPU.ActiveCfg = Debug|Any CPU
		{B453DBD6-1E1F-44D7-93B6-CD0619D3608E}.Debug|Any CPU.Build.0 = Debug|Any CPU
		{B453DBD6-1E1F-44D7-93B6-CD0619D3608E}.Release|Any CPU.ActiveCfg = Release|Any CPU
		{B453DBD6-1E1F-44D7-93B6-CD0619D3608E}.Release|Any CPU.Build.0 = Release|Any CPU
	EndGlobalSection
	GlobalSection(SolutionProperties) = preSolution
		HideSolutionNode = FALSE
	EndGlobalSection
	GlobalSection(ExtensibilityGlobals) = postSolution
		SolutionGuid = {8D7F18EA-B239-4CE4-BD4E-1DFE48F2F350}
	EndGlobalSection
EndGlobal
